
Microsoft Visual Studio Solution File, Format Version 12.00
# Visual Studio Version 17
VisualStudioVersion = 17.14.36203.30
MinimumVisualStudioVersion = 10.0.40219.1
Project("{FAE04EC0-301F-11D3-BF4B-00C04F79EFBC}") = "TurtleTest", "TurtleTest\TurtleTest.csproj", "{96DB0E32-AF8E-48BA-8EDF-1D59AD17D985}"
	ProjectSection(ProjectDependencies) = postProject
		{AABCA8A9-4B11-4E0D-ACD4-19AB92B9D51C} = {AABCA8A9-4B11-4E0D-ACD4-19AB92B9D51C}
	EndProjectSection
EndProject
Project("{FAE04EC0-301F-11D3-BF4B-00C04F79EFBC}") = "ThanaNita.Turtles", "ThanaNita.Turtles\ThanaNita.Turtles.csproj", "{AABCA8A9-4B11-4E0D-ACD4-19AB92B9D51C}"
EndProject
Project("{FAE04EC0-301F-11D3-BF4B-00C04F79EFBC}") = "TurtleTest2", "TurtleTest2\TurtleTest2.csproj", "{B26AE46F-6610-45E4-9B56-DAA0FADDC861}"
EndProject
Global
	GlobalSection(SolutionConfigurationPlatforms) = preSolution
		Debug|Any CPU = Debug|Any CPU
		Release|Any CPU = Release|Any CPU
	EndGlobalSection
	GlobalSection(ProjectConfigurationPlatforms) = postSolution
		{96DB0E32-AF8E-48BA-8EDF-1D59AD17D985}.Debug|Any CPU.ActiveCfg = Debug|Any CPU
		{96DB0E32-AF8E-48BA-8EDF-1D59AD17D985}.Debug|Any CPU.Build.0 = Debug|Any CPU
		{96DB0E32-AF8E-48BA-8EDF-1D59AD17D985}.Release|Any CPU.ActiveCfg = Release|Any CPU
		{96DB0E32-AF8E-48BA-8EDF-1D59AD17D985}.Release|Any CPU.Build.0 = Release|Any CPU
		{AABCA8A9-4B11-4E0D-ACD4-19AB92B9D51C}.Debug|Any CPU.ActiveCfg = Debug|Any CPU
		{AABCA8A9-4B11-4E0D-ACD4-19AB92B9D51C}.Debug|Any CPU.Build.0 = Debug|Any CPU
		{AABCA8A9-4B11-4E0D-ACD4-19AB92B9D51C}.Release|Any CPU.ActiveCfg = Release|Any CPU
		{AABCA8A9-4B11-4E0D-ACD4-19AB92B9D51C}.Release|Any CPU.Build.0 = Release|Any CPU
		{B26AE46F-6610-45E4-9B56-DAA0FADDC861}.Debug|Any CPU.ActiveCfg = Debug|Any CPU
		{B26AE46F-6610-45E4-9B56-DAA0FADDC861}.Debug|Any CPU.Build.0 = Debug|Any CPU
		{B26AE46F-6610-45E4-9B56-DAA0FADDC861}.Release|Any CPU.ActiveCfg = Release|Any CPU
		{B26AE46F-6610-45E4-9B56-DAA0FADDC861}.Release|Any CPU.Build.0 = Release|Any CPU
	EndGlobalSection
	GlobalSection(SolutionProperties) = preSolution
		HideSolutionNode = FALSE
	EndGlobalSection
	GlobalSection(ExtensibilityGlobals) = postSolution
		SolutionGuid = {59C8BA0B-1009-478C-9E48-5600FFBDB88E}
	EndGlobalSection
EndGlobal
